PODS:
  - Flutter (1.0.0)
  - flutter_tts (0.0.1):
    - Flutter
  - MapLibre (6.5.0)
  - maplibre_gl (0.0.1):
    - Flutter
    - MapLibre (= 6.5.0)

DEPENDENCIES:
  - Flutter (from `Flutter`)
  - flutter_tts (from `.symlinks/plugins/flutter_tts/ios`)
  - maplibre_gl (from `.symlinks/plugins/maplibre_gl/ios`)

SPEC REPOS:
  trunk:
    - MapLibre

EXTERNAL SOURCES:
  Flutter:
    :path: Flutter
  flutter_tts:
    :path: ".symlinks/plugins/flutter_tts/ios"
  maplibre_gl:
    :path: ".symlinks/plugins/maplibre_gl/ios"

SPEC CHECKSUMS:
  Flutter: cabc95a1d2626b1b06e7179b784ebcf0c0cde467
  flutter_tts: b88dbc8655d3dc961bc4a796e4e16a4cc1795833
  MapLibre: 0ebfa9329d313cec8bf0a5ba5a336a1dc903785e
  maplibre_gl: 7fc8dd5a5f356891c38f227fe1647d33b9af0400

PODFILE CHECKSUM: 3c63482e143d1b91d2d2560aee9fb04ecc74ac7e

COCOAPODS: 1.16.2
